
Microsoft Visual Studio Solution File, Format Version 12.00
# Visual Studio Version 16
VisualStudioVersion = 25.0.1705.6
MinimumVisualStudioVersion = 10.0.40219.1
Project("{FAE04EC0-301F-11D3-BF4B-00C04F79EFBC}") = "FirstBlazorApp", "FirstBlazorApp\FirstBlazorApp.csproj", "{BBE6BAF8-2283-4932-96A8-C148B75BD65E}"
EndProject
Global
	GlobalSection(SolutionConfigurationPlatforms) = preSolution
		Debug|Any CPU = Debug|Any CPU
		Release|Any CPU = Release|Any CPU
	EndGlobalSection
	GlobalSection(ProjectConfigurationPlatforms) = postSolution
		{BBE6BAF8-2283-4932-96A8-C148B75BD65E}.Debug|Any CPU.ActiveCfg = Debug|Any CPU
		{BBE6BAF8-2283-4932-96A8-C148B75BD65E}.Debug|Any CPU.Build.0 = Debug|Any CPU
		{BBE6BAF8-2283-4932-96A8-C148B75BD65E}.Release|Any CPU.ActiveCfg = Release|Any CPU
		{BBE6BAF8-2283-4932-96A8-C148B75BD65E}.Release|Any CPU.Build.0 = Release|Any CPU
	EndGlobalSection
	GlobalSection(SolutionProperties) = preSolution
		HideSolutionNode = FALSE
	EndGlobalSection
	GlobalSection(ExtensibilityGlobals) = postSolution
		SolutionGuid = {796F75D3-FE80-4175-8905-6D5DDB2E1581}
	EndGlobalSection
EndGlobal
